
Microsoft Visual Studio Solution File, Format Version 12.00
# Visual Studio Version 16
VisualStudioVersion = 16.0.33801.447
MinimumVisualStudioVersion = 10.0.40219.1
Project("{9A19103F-16F7-4668-BE54-9A1E7A4F7556}") = "SukhmanBookStore", "SukhmanBookStore\SukhmanBookStore.csproj", "{52C2091A-5B5D-4456-8594-A2D0F566A24E}"
EndProject
Project("{9A19103F-16F7-4668-BE54-9A1E7A4F7556}") = "SukhmanBooks.DataAccess", "SukhmanBookStore.DataAccess\SukhmanBooks.DataAccess.csproj", "{2F1ADDA5-6B45-494A-823B-5F04C5C9A23F}"
EndProject
Project("{9A19103F-16F7-4668-BE54-9A1E7A4F7556}") = "SukhmanBooks.Models", "SukhmanBookStore.Models\SukhmanBooks.Models.csproj", "{4110C490-CF96-4571-890C-FB0725CE050B}"
EndProject
Project("{9A19103F-16F7-4668-BE54-9A1E7A4F7556}") = "SukhmanBooks.Utility", "SukhmanBookStore.Utility\SukhmanBooks.Utility.csproj", "{62927489-0E4D-44C0-B5BE-907127918447}"
EndProject
Global
	GlobalSection(SolutionConfigurationPlatforms) = preSolution
		Debug|Any CPU = Debug|Any CPU
		Release|Any CPU = Release|Any CPU
	EndGlobalSection
	GlobalSection(ProjectConfigurationPlatforms) = postSolution
		{52C2091A-5B5D-4456-8594-A2D0F566A24E}.Debug|Any CPU.ActiveCfg = Debug|Any CPU
		{52C2091A-5B5D-4456-8594-A2D0F566A24E}.Debug|Any CPU.Build.0 = Debug|Any CPU
		{52C2091A-5B5D-4456-8594-A2D0F566A24E}.Release|Any CPU.ActiveCfg = Release|Any CPU
		{52C2091A-5B5D-4456-8594-A2D0F566A24E}.Release|Any CPU.Build.0 = Release|Any CPU
		{2F1ADDA5-6B45-494A-823B-5F04C5C9A23F}.Debug|Any CPU.ActiveCfg = Debug|Any CPU
		{2F1ADDA5-6B45-494A-823B-5F04C5C9A23F}.Debug|Any CPU.Build.0 = Debug|Any CPU
		{2F1ADDA5-6B45-494A-823B-5F04C5C9A23F}.Release|Any CPU.ActiveCfg = Release|Any CPU
		{2F1ADDA5-6B45-494A-823B-5F04C5C9A23F}.Release|Any CPU.Build.0 = Release|Any CPU
		{4110C490-CF96-4571-890C-FB0725CE050B}.Debug|Any CPU.ActiveCfg = Debug|Any CPU
		{4110C490-CF96-4571-890C-FB0725CE050B}.Debug|Any CPU.Build.0 = Debug|Any CPU
		{4110C490-CF96-4571-890C-FB0725CE050B}.Release|Any CPU.ActiveCfg = Release|Any CPU
		{4110C490-CF96-4571-890C-FB0725CE050B}.Release|Any CPU.Build.0 = Release|Any CPU
		{62927489-0E4D-44C0-B5BE-907127918447}.Debug|Any CPU.ActiveCfg = Debug|Any CPU
		{62927489-0E4D-44C0-B5BE-907127918447}.Debug|Any CPU.Build.0 = Debug|Any CPU
		{62927489-0E4D-44C0-B5BE-907127918447}.Release|Any CPU.ActiveCfg = Release|Any CPU
		{62927489-0E4D-44C0-B5BE-907127918447}.Release|Any CPU.Build.0 = Release|Any CPU
	EndGlobalSection
	GlobalSection(SolutionProperties) = preSolution
		HideSolutionNode = FALSE
	EndGlobalSection
	GlobalSection(ExtensibilityGlobals) = postSolution
		SolutionGuid = {D94F6D9B-076E-4057-95C9-37ABFDD0208B}
	EndGlobalSection
EndGlobal
